
Microsoft Visual Studio Solution File, Format Version 12.00
# Visual Studio Version 17
VisualStudioVersion = 17.9.34616.47
MinimumVisualStudioVersion = 10.0.40219.1
Project("{8BC9CEB8-8B4A-11D0-8D11-00A0C91BC942}") = "constructor_lia1", "constructor_lia1\constructor_lia1.vcxproj", "{B189A2A7-94F9-4F67-AE1E-961E2F44F7A9}"
EndProject
Project("{8BC9CEB8-8B4A-11D0-8D11-00A0C91BC942}") = "constructor_lia2", "constructor_lia2\constructor_lia2.vcxproj", "{F9EE4651-6E3B-4F05-AF5C-22DECDA89A46}"
EndProject
Project("{8BC9CEB8-8B4A-11D0-8D11-00A0C91BC942}") = "construction_lia3", "construction_lia3\construction_lia3.vcxproj", "{C3B92F10-B6FE-4154-868F-DBB1E66F583D}"
EndProject
Project("{8BC9CEB8-8B4A-11D0-8D11-00A0C91BC942}") = "construction_lia4", "construction_lia4\construction_lia4.vcxproj", "{51EB0FE0-2685-4988-9CB7-48A1F27504C1}"
EndProject
Global
	GlobalSection(SolutionConfigurationPlatforms) = preSolution
		Debug|x64 = Debug|x64
		Debug|x86 = Debug|x86
		Release|x64 = Release|x64
		Release|x86 = Release|x86
	EndGlobalSection
	GlobalSection(ProjectConfigurationPlatforms) = postSolution
		{B189A2A7-94F9-4F67-AE1E-961E2F44F7A9}.Debug|x64.ActiveCfg = Debug|x64
		{B189A2A7-94F9-4F67-AE1E-961E2F44F7A9}.Debug|x64.Build.0 = Debug|x64
		{B189A2A7-94F9-4F67-AE1E-961E2F44F7A9}.Debug|x86.ActiveCfg = Debug|Win32
		{B189A2A7-94F9-4F67-AE1E-961E2F44F7A9}.Debug|x86.Build.0 = Debug|Win32
		{B189A2A7-94F9-4F67-AE1E-961E2F44F7A9}.Release|x64.ActiveCfg = Release|x64
		{B189A2A7-94F9-4F67-AE1E-961E2F44F7A9}.Release|x64.Build.0 = Release|x64
		{B189A2A7-94F9-4F67-AE1E-961E2F44F7A9}.Release|x86.ActiveCfg = Release|Win32
		{B189A2A7-94F9-4F67-AE1E-961E2F44F7A9}.Release|x86.Build.0 = Release|Win32
		{F9EE4651-6E3B-4F05-AF5C-22DECDA89A46}.Debug|x64.ActiveCfg = Debug|x64
		{F9EE4651-6E3B-4F05-AF5C-22DECDA89A46}.Debug|x64.Build.0 = Debug|x64
		{F9EE4651-6E3B-4F05-AF5C-22DECDA89A46}.Debug|x86.ActiveCfg = Debug|Win32
		{F9EE4651-6E3B-4F05-AF5C-22DECDA89A46}.Debug|x86.Build.0 = Debug|Win32
		{F9EE4651-6E3B-4F05-AF5C-22DECDA89A46}.Release|x64.ActiveCfg = Release|x64
		{F9EE4651-6E3B-4F05-AF5C-22DECDA89A46}.Release|x64.Build.0 = Release|x64
		{F9EE4651-6E3B-4F05-AF5C-22DECDA89A46}.Release|x86.ActiveCfg = Release|Win32
		{F9EE4651-6E3B-4F05-AF5C-22DECDA89A46}.Release|x86.Build.0 = Release|Win32
		{C3B92F10-B6FE-4154-868F-DBB1E66F583D}.Debug|x64.ActiveCfg = Debug|x64
		{C3B92F10-B6FE-4154-868F-DBB1E66F583D}.Debug|x64.Build.0 = Debug|x64
		{C3B92F10-B6FE-4154-868F-DBB1E66F583D}.Debug|x86.ActiveCfg = Debug|Win32
		{C3B92F10-B6FE-4154-868F-DBB1E66F583D}.Debug|x86.Build.0 = Debug|Win32
		{C3B92F10-B6FE-4154-868F-DBB1E66F583D}.Release|x64.ActiveCfg = Release|x64
		{C3B92F10-B6FE-4154-868F-DBB1E66F583D}.Release|x64.Build.0 = Release|x64
		{C3B92F10-B6FE-4154-868F-DBB1E66F583D}.Release|x86.ActiveCfg = Release|Win32
		{C3B92F10-B6FE-4154-868F-DBB1E66F583D}.Release|x86.Build.0 = Release|Win32
		{51EB0FE0-2685-4988-9CB7-48A1F27504C1}.Debug|x64.ActiveCfg = Debug|x64
		{51EB0FE0-2685-4988-9CB7-48A1F27504C1}.Debug|x64.Build.0 = Debug|x64
		{51EB0FE0-2685-4988-9CB7-48A1F27504C1}.Debug|x86.ActiveCfg = Debug|Win32
		{51EB0FE0-2685-4988-9CB7-48A1F27504C1}.Debug|x86.Build.0 = Debug|Win32
		{51EB0FE0-2685-4988-9CB7-48A1F27504C1}.Release|x64.ActiveCfg = Release|x64
		{51EB0FE0-2685-4988-9CB7-48A1F27504C1}.Release|x64.Build.0 = Release|x64
		{51EB0FE0-2685-4988-9CB7-48A1F27504C1}.Release|x86.ActiveCfg = Release|Win32
		{51EB0FE0-2685-4988-9CB7-48A1F27504C1}.Release|x86.Build.0 = Release|Win32
	EndGlobalSection
	GlobalSection(SolutionProperties) = preSolution
		HideSolutionNode = FALSE
	EndGlobalSection
	GlobalSection(ExtensibilityGlobals) = postSolution
		SolutionGuid = {5BE31585-FD46-487F-9D13-0072695129EB}
	EndGlobalSection
EndGlobal
